version = 1
revision = 3
requires-python = ">=3.13"

[[package]]
name = "dotenv"
version = "0.9.9"
source = { registry = "https://pypi.org/simple" }
dependencies = [
    { name = "python-dotenv" },
]
wheels = [
    { url = "https://files.pythonhosted.org/packages/b2/b7/545d2c10c1fc15e48653c91efde329a790f2eecfbbf2bd16003b5db2bab0/dotenv-0.9.9-py2.py3-none-any.whl", hash = "sha256:29cf74a087b31dafdb5a446b6d7e11cbce8ed2741540e2339c69fbef92c94ce9", size = 1892, upload-time = "2025-02-19T22:15:01.647Z" },
]

[[package]]
name = "psycopg2"
version = "2.9.13"
source = { registry = "https://pypi.org/simple" }
sdist = { url = "https://files.pythonhosted.org/packages/91/81/6ea19b8b28feb9405c8c87a307776614d6e404bdb98467d1ce10a39d2c1d/psycopg2-2.9.13.tar.gz", hash = "sha256:d36784fc2dae69523ba4b79c7d1d1b4d6e83e87836874f111262f4db940b16a6", size = 378068, upload-time = "2026-09-09T23:56:21.749Z" }
wheels = [
    { url = "https://files.pythonhosted.org/packages/e1/a5/a01216e7c2e477052469c0317a4e71e031293830c9882ca372bae167bec3/psycopg2-2.9.13-cp313-cp313-win_amd64.whl", hash = "sha256:165e25c1b0e616a1f28080c5c68bd2dc015051d83c90240b2171d3e76ca2b5ff", size = 2771568, upload-time = "2026-09-09T23:53:58.914Z" },
    { url = "https://files.pythonhosted.org/packages/b9/f9/f6e9d47ea04e09282c618f5eeb67634f39ea4b04acedd0a6d8da4d986d50/psycopg2-2.9.13-cp314-cp314-win_amd64.whl", hash = "sha256:a6f54fd8e0024f35240866b5dfff9ead2a0dbd33b8096eec438bc6093412842d", size = 2866943, upload-time = "2026-09-09T23:54:01.268Z" },
    { url = "https://files.pythonhosted.org/packages/44/0f/da6a374ed5e3b4040c53b29ab57b8b26c0872900cf8aed2265790889a1e3/psycopg2-2.9.13-cp315-cp315-win_amd64.whl", hash = "sha256:0d2fc7eedfaca0586dcf1476454598428d0d8471d3b5cb55f92015a5f9d0af40", size = 2863865, upload-time = "2026-09-09T23:54:03.316Z" },
]

[[package]]
name = "python-dotenv"
version = "1.2.4"
source = { registry = "https://pypi.org/simple" }
sdist = { url = "https://files.pythonhosted.org/packages/74/26/2fbeedb218a787a5eea551c7532cac4e009f83d689dd2faa0d0353473f86/python_dotenv-1.2.4.tar.gz", hash = "sha256:f0d53e69935a851c0dcc78f3ab7aaccd8cabef0b92382b576b824212902873c0", size = 60824, upload-time = "2026-10-01T05:36:10Z" }
wheels = [
    { url = "https://files.pythonhosted.org/packages/60/d1/38f3a3405989a89ac18390803e70c6ad7c7760da4f9b83cbeca0c44a0c72/python_dotenv-1.2.4-py3-none-any.whl", hash = "sha256:42269a8a5b3fd54ffa6f3d84b18abed50064717576b4ecf03dc4a55d8aa04fdc", size = 23266, upload-time = "2026-10-01T05:36:08.633Z" },
]

[[package]]
name = "vegastar-test"
version = "0.1.0"
source = { virtual = "." }
dependencies = [
    { name = "dotenv" },
    { name = "psycopg2" },
]

[package.metadata]
requires-dist = [
    { name = "dotenv", specifier = ">=0.9.9" },
    { name = "psycopg2", specifier = ">=2.9.13" },
]
